# This file is autogenerated, do not edit; changes may be undone by the next 'dep ensure'.


[[projects]]
  digest = "1:6e5a3c39b076935a83346f9e51e11ae3e791524f6fc92c18975d3c5399872fd7"
  name = "github.com/AlecAivazis/survey"
  packages = ["."]
  pruneopts = "UT"
  revision = "e4af3b345125b0903edb492a33a99a23e9eb3487"
  version = "v1.8.7"

[[projects]]
  branch = "master"
  digest = "1:d38cc62bf81b2247597596ee088042c400c40307e5a6bbeb9df4190c83e19a00"
  name = "github.com/aead/ecdh"
  packages = ["."]
  pruneopts = "UT"
  revision = "85c03e91d99ae3280de8341f9434bf4c733ddafb"

[[projects]]
  digest = "1:870d441fe217b8e689d7949fef6e43efbc787e50f200cb1e70dbca9204a1d6be"
  name = "github.com/inconshreveable/mousetrap"
  packages = ["."]
  pruneopts = "UT"
  revision = "76626ae9c91c4f2a10f34cad8ce83ea42c93bb75"
  version = "v1.0"

[[projects]]
  branch = "master"
  digest = "1:400e113a367b511b9b09ca642ee11d9885485a93838526d697033af334a2fdde"
  name = "github.com/kballard/go-shellquote"
  packages = ["."]
  pruneopts = "UT"
  revision = "95032a82bc518f77982ea72343cc1ade730072f0"

[[projects]]
  digest = "1:4a29eeb25603debe8f2098a9902c4d3851034cf70d33be428826e86e8c30a1b0"
  name = "github.com/mattn/go-colorable"
  packages = ["."]
  pruneopts = "UT"
  revision = "98ec13f34aabf44cc914c65a1cfb7b9bc815aef1"
  version = "v0.1.4"

[[projects]]
  digest = "1:29895093e370d9da5fd1c9ab12a5855ccb568f28766e0c3ff159c4b0f09aa127"
  name = "github.com/mattn/go-isatty"
  packages = ["."]
  pruneopts = "UT"
  revision = "31745d66dd679ac0ac4f8d3ecff168fce6170c6a"
  version = "v0.0.11"

[[projects]]
  branch = "master"
  digest = "1:2b32af4d2a529083275afc192d1067d8126b578c7a9613b26600e4df9c735155"
  name = "github.com/mgutz/ansi"
  packages = ["."]
  pruneopts = "UT"
  revision = "9520e82c474b0a04dd04f8a40959027271bab992"

[[projects]]
  digest = "1:3b7bb4dccaa604125b8392b33d69a4a477efb928644d534e3d4063d4b6892693"
  name = "github.com/safing/portbase"
  packages = [
    "container",
    "formats/dsd",
    "formats/varint",
    "info",
  ]
  pruneopts = "UT"
  revision = "a120990396939bbe3480f752d190c476b1d56c3a"
  version = "v0.4.1"

[[projects]]
  digest = "1:274f67cb6fed9588ea2521ecdac05a6d62a8c51c074c1fccc6a49a40ba80e925"
  name = "github.com/satori/go.uuid"
  packages = ["."]
  pruneopts = "UT"
  revision = "f58768cc1a7a7e77a3bd49e98cdd21419399b6a3"
  version = "v1.2.0"

[[projects]]
  digest = "1:e096613fb7cf34743d49af87d197663cfccd61876e2219853005a57baedfa562"
  name = "github.com/spf13/cobra"
  packages = ["."]
  pruneopts = "UT"
  revision = "f2b07da1e2c38d5f12845a4f607e2e1018cbb1f5"
  version = "v0.0.5"

[[projects]]
  digest = "1:524b71991fc7d9246cc7dc2d9e0886ccb97648091c63e30eef619e6862c955dd"
  name = "github.com/spf13/pflag"
  packages = ["."]
  pruneopts = "UT"
  revision = "2e9d26c8c37aae03e3f9d4e90b7116f5accb7cab"
  version = "v1.0.5"

[[projects]]
  branch = "master"
  digest = "1:93d6687fc19da8a35c7352d72117a6acd2072dfb7e9bfd65646227bf2a913b2a"
  name = "github.com/tevino/abool"
  packages = ["."]
  pruneopts = "UT"
  revision = "9b9efcf221b50905aab9bbabd3daed56dc10f339"

[[projects]]
  branch = "master"
  digest = "1:4df631634d7dc4496e9c51436cc2d3ccd0d0d4734640f63108950fe68b348b7e"
  name = "golang.org/x/crypto"
  packages = [
    "blake2b",
    "blake2s",
    "chacha20",
    "chacha20poly1305",
    "curve25519",
    "hkdf",
    "internal/subtle",
    "pbkdf2",
    "poly1305",
    "salsa20",
    "salsa20/salsa",
    "scrypt",
    "sha3",
  ]
  pruneopts = "UT"
  revision = "e1110fd1c708ef015366ea01799a23c459593c47"

[[projects]]
  branch = "master"
  digest = "1:2a7bb603cdfc77afb007e411395d21947ac9e8f9cc220ca0f6883027402bbdc3"
  name = "golang.org/x/sys"
  packages = [
    "cpu",
    "unix",
  ]
  pruneopts = "UT"
  revision = "4c7a9d0fe056d9d1de37e1409ca8a5c17accb46a"

[[projects]]
  digest = "1:a8136ab6079cc7a9de8d8665e6757b506bf2bb4c88014a4dc1e35eaaa449dfc0"
  name = "gopkg.in/AlecAivazis/survey.v1"
  packages = [
    "core",
    "terminal",
  ]
  pruneopts = "UT"
  revision = "e4af3b345125b0903edb492a33a99a23e9eb3487"
  version = "v1.8.7"

[solve-meta]
  analyzer-name = "dep"
  analyzer-version = 1
  input-imports = [
    "github.com/AlecAivazis/survey",
    "github.com/aead/ecdh",
    "github.com/safing/portbase/container",
    "github.com/safing/portbase/formats/dsd",
    "github.com/safing/portbase/info",
    "github.com/satori/go.uuid",
    "github.com/spf13/cobra",
    "github.com/tevino/abool",
    "golang.org/x/crypto/blake2b",
    "golang.org/x/crypto/blake2s",
    "golang.org/x/crypto/chacha20poly1305",
    "golang.org/x/crypto/hkdf",
    "golang.org/x/crypto/pbkdf2",
    "golang.org/x/crypto/poly1305",
    "golang.org/x/crypto/salsa20",
    "golang.org/x/crypto/scrypt",
    "golang.org/x/crypto/sha3",
  ]
  solver-name = "gps-cdcl"
  solver-version = 1
